
Microsoft Visual Studio Solution File, Format Version 12.00
# Visual Studio Version 16
VisualStudioVersion = 16.0.31911.196
MinimumVisualStudioVersion = 10.0.40219.1
Project("{FAE04EC0-301F-11D3-BF4B-00C04F79EFBC}") = "TimeSync", "TimeSync\TimeSync.csproj", "{0BEF8703-7FEE-44B0-9C22-8514D14DC06A}"
EndProject
Project("{54435603-DBB4-11D2-8724-00A0C9A8B90C}") = "Setup1", "Setup1\Setup1.vdproj", "{7B103EF1-9C59-46FE-8229-34CDA3E1957F}"
EndProject
Global
	GlobalSection(SolutionConfigurationPlatforms) = preSolution
		Debug|Any CPU = Debug|Any CPU
		Release|Any CPU = Release|Any CPU
	EndGlobalSection
	GlobalSection(ProjectConfigurationPlatforms) = postSolution
		{0BEF8703-7FEE-44B0-9C22-8514D14DC06A}.Debug|Any CPU.ActiveCfg = Debug|Any CPU
		{0BEF8703-7FEE-44B0-9C22-8514D14DC06A}.Debug|Any CPU.Build.0 = Debug|Any CPU
		{0BEF8703-7FEE-44B0-9C22-8514D14DC06A}.Release|Any CPU.ActiveCfg = Release|Any CPU
		{0BEF8703-7FEE-44B0-9C22-8514D14DC06A}.Release|Any CPU.Build.0 = Release|Any CPU
		{7B103EF1-9C59-46FE-8229-34CDA3E1957F}.Debug|Any CPU.ActiveCfg = Debug
		{7B103EF1-9C59-46FE-8229-34CDA3E1957F}.Release|Any CPU.ActiveCfg = Release
	EndGlobalSection
	GlobalSection(SolutionProperties) = preSolution
		HideSolutionNode = FALSE
	EndGlobalSection
	GlobalSection(ExtensibilityGlobals) = postSolution
		SolutionGuid = {73B34E51-D1BC-4FB4-A75D-BAB0E7DE3C54}
	EndGlobalSection
EndGlobal
